# THIS IS AN AUTOGENERATED FILE. DO NOT EDIT THIS FILE DIRECTLY.
# yarn lockfile v1


fill-keys@^1.0.2:
  version "1.0.2"
  resolved "https://registry.yarnpkg.com/fill-keys/-/fill-keys-1.0.2.tgz#9a8fa36f4e8ad634e3bf6b4f3c8882551452eb20"
  integrity sha1-mo+jb06K1jTjv2tPPIiCVRRS6yA=
  dependencies:
    is-object "~1.0.1"
    merge-descriptors "~1.0.0"

is-object@~1.0.1:
  version "1.0.1"
  resolved "https://registry.yarnpkg.com/is-object/-/is-object-1.0.1.tgz#8952688c5ec2ffd6b03ecc85e769e02903083470"
  integrity sha1-iVJojF7C/9awPsyF52ngKQMINHA=

merge-descriptors@~1.0.0:
  version "1.0.1"
  resolved "https://registry.yarnpkg.com/merge-descriptors/-/merge-descriptors-1.0.1.tgz#b00aaa556dd8b44568150ec9d1b953f3f90cbb61"
  integrity sha1-sAqqVW3YtEVoFQ7J0blT8/kMu2E=

module-not-found-error@^1.0.0:
  version "1.0.1"
  resolved "https://registry.yarnpkg.com/module-not-found-error/-/module-not-found-error-1.0.1.tgz#cf8b4ff4f29640674d6cdd02b0e3bc523c2bbdc0"
  integrity sha1-z4tP9PKWQGdNbN0CsOO8UjwrvcA=

proxyquire@^1.8.0:
  version "1.8.0"
  resolved "https://registry.yarnpkg.com/proxyquire/-/proxyquire-1.8.0.tgz#02d514a5bed986f04cbb2093af16741535f79edc"
  integrity sha1-AtUUpb7ZhvBMuyCTrxZ0FTX3ntw=
  dependencies:
    fill-keys "^1.0.2"
    module-not-found-error "^1.0.0"
    resolve "~1.1.7"

resolve@~1.1.7:
  version "1.1.7"
  resolved "https://registry.yarnpkg.com/resolve/-/resolve-1.1.7.tgz#203114d82ad2c5ed9e8e0411b3932875e889e97b"
  integrity sha1-IDEU2CrSxe2ejgQRs5ModeiJ6Xs=
